# This file is automatically @generated by Poetry 1.8.2 and should not be changed by hand.

[[package]]
name = "fake-bpy-module-3-3"
version = "20231118"
description = "Collection of the fake Blender Python API module for the code completion."
optional = false
python-versions = ">=3.7"
files = [
    {file = "fake-bpy-module-3.3-20231118.tar.gz", hash = "sha256:b80d9ce97b2bab6eafc351a93a269ac37d9941dcebc393bcf7aa6ecdf5d2c3cf"},
    {file = "fake_bpy_module_3.3-20231118-py3-none-any.whl", hash = "sha256:05ffbe99f7a62b50d9b0e953e6fa13fa0d7c445c4ba8e37b3c11f16ffd90a2cc"},
]

[metadata]
lock-version = "2.0"
python-versions = "^3.10"
content-hash = "c614045e14784c73ed1935429fb62ac6525ec5780da79947cc6774964ca687ce"
