# This file is automatically @generated by Poetry 1.8.2 and should not be changed by hand.

[[package]]
name = "fake-bpy-module-3-6"
version = "20231118"
description = "Collection of the fake Blender Python API module for the code completion."
optional = false
python-versions = ">=3.7"
files = [
    {file = "fake-bpy-module-3.6-20231118.tar.gz", hash = "sha256:d7a9752ef365fe09e778bdd35e09960d4d6e5376987e8d9654d3ae176b98cf23"},
    {file = "fake_bpy_module_3.6-20231118-py3-none-any.whl", hash = "sha256:a0155e9fb7130ad4c7a5a1fb6e45206ba3be1ebe8ca98f8a6e36f8b7f832ef00"},
]

[metadata]
lock-version = "2.0"
python-versions = "^3.10"
content-hash = "350650b7dc35459dd4819f15320438bf919de9101d85372b26788760f4ce9247"
